{
  "version": 4,
  "terraform_version": "1.8.2",
  "serial": 1,
  "lineage": "09fe7c20-a5d3-bb6b-65fb-18b5aef6b7c5",
  "outputs": {},
  "resources": [
    {
      "module": "module.internet_gateway",
      "mode": "managed",
      "type": "aws_internet_gateway",
      "name": "gw",
      "provider": "provider[\"registry.terraform.io/hashicorp/aws\"]",
      "instances": [
        {
          "index_key": "igw-001",
          "status": "tainted",
          "schema_version": 0,
          "attributes": {
            "arn": null,
            "id": "igw-054d3a28a8d2745aa",
            "owner_id": null,
            "tags": null,
            "tags_all": null,
            "timeouts": null,
            "vpc_id": "vpc-075f9a3b7ac0f9772"
          },
          "sensitive_attributes": [],
          "private": "eyJlMmJmYjczMC1lY2FhLTExZTYtOGY4OC0zNDM2M2JjN2M0YzAiOnsiY3JlYXRlIjoxMjAwMDAwMDAwMDAwLCJkZWxldGUiOjEyMDAwMDAwMDAwMDAsInVwZGF0ZSI6MTIwMDAwMDAwMDAwMH19"
        }
      ]
    }
  ],
  "check_results": null
}
