{
  "version": 4,
  "terraform_version": "1.8.2",
  "serial": 9,
  "lineage": "5531cb7b-f886-310f-86fc-b3fc3afefa2e",
  "outputs": {},
  "resources": [
    {
      "module": "module.organizations_account",
      "mode": "managed",
      "type": "aws_organizations_account",
      "name": "new_account",
      "provider": "provider[\"registry.terraform.io/hashicorp/aws\"]",
      "instances": [
        {
          "index_key": "account-001",
          "schema_version": 0,
          "attributes": {
            "arn": "arn:aws:organizations::304884398026:account/o-5i3tc7r070/054728710102",
            "close_on_deletion": true,
            "create_govcloud": false,
            "email": "swarnitakhanar@gmail.com",
            "govcloud_id": "",
            "iam_user_access_to_billing": "ALLOW",
            "id": "054728710102",
            "joined_method": "CREATED",
            "joined_timestamp": "2025-05-29T20:30:21Z",
            "name": "connectivity",
            "parent_id": "r-d0zf",
            "role_name": "Network",
            "status": "ACTIVE",
            "tags": null,
            "tags_all": {},
            "timeouts": null
          },
          "sensitive_attributes": [],
          "private": "eyJlMmJmYjczMC1lY2FhLTExZTYtOGY4OC0zNDM2M2JjN2M0YzAiOnsiY3JlYXRlIjo2MDAwMDAwMDAwMDAsImRlbGV0ZSI6NjAwMDAwMDAwMDAwfX0="
        }
      ]
    }
  ],
  "check_results": null
}
