{
  "version": 4,
  "terraform_version": "1.8.2",
  "serial": 1,
  "lineage": "0a84fdb8-935e-1c94-90af-caeca9bb1526",
  "outputs": {},
  "resources": [
    {
      "module": "module.cloudwan",
      "mode": "managed",
      "type": "aws_networkmanager_global_network",
      "name": "example",
      "provider": "provider[\"registry.terraform.io/hashicorp/aws\"]",
      "instances": [
        {
          "schema_version": 0,
          "attributes": {
            "arn": "arn:aws:networkmanager::304884398026:global-network/global-network-0b421880f75d98b05",
            "description": "This is the Cloud WAN",
            "id": "global-network-0b421880f75d98b05",
            "tags": null,
            "tags_all": {},
            "timeouts": null
          },
          "sensitive_attributes": [],
          "private": "eyJlMmJmYjczMC1lY2FhLTExZTYtOGY4OC0zNDM2M2JjN2M0YzAiOnsiY3JlYXRlIjo2MDAwMDAwMDAwMDAsImRlbGV0ZSI6NjAwMDAwMDAwMDAwLCJ1cGRhdGUiOjYwMDAwMDAwMDAwMH19"
        }
      ]
    }
  ],
  "check_results": null
}
