{
  "version": 4,
  "terraform_version": "1.8.2",
  "serial": 2,
  "lineage": "0a04f0cf-5b2a-d9df-d178-3137e43cfeab",
  "outputs": {
    "global_network_arn": {
      "value": "arn:aws:networkmanager::304884398026:global-network/global-network-097deb8c8a212b2b8",
      "type": "string"
    },
    "global_network_id": {
      "value": "global-network-097deb8c8a212b2b8",
      "type": "string"
    }
  },
  "resources": [
    {
      "mode": "managed",
      "type": "aws_networkmanager_global_network",
      "name": "example",
      "provider": "provider[\"registry.terraform.io/hashicorp/aws\"]",
      "instances": [
        {
          "schema_version": 0,
          "attributes": {
            "arn": "arn:aws:networkmanager::304884398026:global-network/global-network-097deb8c8a212b2b8",
            "description": "This is the Cloud WAN",
            "id": "global-network-097deb8c8a212b2b8",
            "tags": null,
            "tags_all": {},
            "timeouts": null
          },
          "sensitive_attributes": [],
          "private": "eyJlMmJmYjczMC1lY2FhLTExZTYtOGY4OC0zNDM2M2JjN2M0YzAiOnsiY3JlYXRlIjo2MDAwMDAwMDAwMDAsImRlbGV0ZSI6NjAwMDAwMDAwMDAwLCJ1cGRhdGUiOjYwMDAwMDAwMDAwMH19"
        }
      ]
    }
  ],
  "check_results": null
}
