{
  "version": 4,
  "terraform_version": "1.8.2",
  "serial": 1,
  "lineage": "18eac10f-5e58-15c0-adcd-55df5c441931",
  "outputs": {},
  "resources": [
    {
      "module": "module.organizational_unit",
      "mode": "managed",
      "type": "aws_organizations_organizational_unit",
      "name": "new_organizational_unit",
      "provider": "provider[\"registry.terraform.io/hashicorp/aws\"]",
      "instances": [
        {
          "index_key": "ou-001",
          "schema_version": 0,
          "attributes": {
            "accounts": [],
            "arn": "arn:aws:organizations::304884398026:ou/o-5i3tc7r070/ou-d0zf-d3tmvspr",
            "id": "ou-d0zf-d3tmvspr",
            "name": "PLATFORM",
            "parent_id": "r-d0zf",
            "tags": null,
            "tags_all": {}
          },
          "sensitive_attributes": [],
          "private": "bnVsbA=="
        }
      ]
    }
  ],
  "check_results": null
}
