{
  "version": 4,
  "terraform_version": "1.8.2",
  "serial": 51,
  "lineage": "a85dfab6-5697-8b5f-81cf-f83d431158e7",
  "outputs": {},
  "resources": [
    {
      "module": "module.core_network",
      "mode": "managed",
      "type": "aws_networkmanager_core_network",
      "name": "example",
      "provider": "provider[\"registry.terraform.io/hashicorp/aws\"]",
      "instances": [
        {
          "index_key": "core-001",
          "schema_version": 0,
          "attributes": {
            "arn": "arn:aws:networkmanager::304884398026:core-network/core-network-01647b2dd7814dbe8",
            "base_policy_document": null,
            "base_policy_region": null,
            "base_policy_regions": [
              "us-east-1",
              "us-west-2"
            ],
            "create_base_policy": true,
            "created_at": "2025-06-06T20:36:04Z",
            "description": "",
            "edges": [
              {
                "asn": 64513,
                "edge_location": "us-west-2",
                "inside_cidr_blocks": []
              },
              {
                "asn": 64512,
                "edge_location": "us-east-1",
                "inside_cidr_blocks": []
              }
            ],
            "global_network_id": "global-network-0b421880f75d98b05",
            "id": "core-network-01647b2dd7814dbe8",
            "segments": [
              {
                "edge_locations": [
                  "us-west-2",
                  "us-east-1"
                ],
                "name": "developement",
                "shared_segments": [
                  "sharedservices"
                ]
              },
              {
                "edge_locations": [
                  "us-west-2",
                  "us-east-1"
                ],
                "name": "production",
                "shared_segments": [
                  "sharedservices"
                ]
              },
              {
                "edge_locations": [
                  "us-west-2",
                  "us-east-1"
                ],
                "name": "sharedservices",
                "shared_segments": [
                  "production",
                  "developement"
                ]
              }
            ],
            "state": "AVAILABLE",
            "tags": {},
            "tags_all": {},
            "timeouts": null
          },
          "sensitive_attributes": [],
          "private": "eyJlMmJmYjczMC1lY2FhLTExZTYtOGY4OC0zNDM2M2JjN2M0YzAiOnsiY3JlYXRlIjoxODAwMDAwMDAwMDAwLCJkZWxldGUiOjE4MDAwMDAwMDAwMDAsInVwZGF0ZSI6MTgwMDAwMDAwMDAwMH19"
        }
      ]
    }
  ],
  "check_results": null
}
