{
  "version": 4,
  "terraform_version": "1.8.2",
  "serial": 7,
  "lineage": "3e7d681e-15ae-abc0-0ddf-34b8e4253041",
  "outputs": {},
  "resources": [
    {
      "mode": "managed",
      "type": "aws_nat_gateway",
      "name": "example",
      "provider": "provider[\"registry.terraform.io/hashicorp/aws\"]",
      "instances": [
        {
          "schema_version": 0,
          "attributes": {
            "allocation_id": "eipalloc-018346559d774dc56",
            "association_id": "eipassoc-06086e480f85868ba",
            "connectivity_type": "public",
            "id": "nat-08dd8b1cef852dbc5",
            "network_interface_id": "eni-03c0415d343dd1f0c",
            "private_ip": "172.31.61.2",
            "public_ip": "35.171.51.224",
            "secondary_allocation_ids": null,
            "secondary_private_ip_address_count": 0,
            "secondary_private_ip_addresses": [],
            "subnet_id": "subnet-08e7678423f1ee84c",
            "tags": null,
            "tags_all": {},
            "timeouts": null
          },
          "sensitive_attributes": [],
          "private": "eyJlMmJmYjczMC1lY2FhLTExZTYtOGY4OC0zNDM2M2JjN2M0YzAiOnsiY3JlYXRlIjo2MDAwMDAwMDAwMDAsImRlbGV0ZSI6MTgwMDAwMDAwMDAwMCwidXBkYXRlIjo2MDAwMDAwMDAwMDB9fQ=="
        }
      ]
    }
  ],
  "check_results": null
}
