{
  "version": 4,
  "terraform_version": "1.8.2",
  "serial": 3,
  "lineage": "b3f90186-6440-e448-1c50-e2b6d148513e",
  "outputs": {},
  "resources": [
    {
      "module": "module.route53",
      "mode": "managed",
      "type": "aws_route53_resolver_endpoint",
      "name": "foo",
      "provider": "provider[\"registry.terraform.io/hashicorp/aws\"]",
      "instances": [
        {
          "index_key": "route53-001",
          "schema_version": 0,
          "attributes": {
            "arn": "arn:aws:route53resolver:us-east-1:304884398026:resolver-endpoint/rslvr-in-29b8ac812b334aa1a",
            "direction": "INBOUND",
            "host_vpc_id": "vpc-0fd2b7c96374a77cd",
            "id": "rslvr-in-29b8ac812b334aa1a",
            "ip_address": [
              {
                "ip": "10.0.20.20",
                "ip_id": "rni-5e4e0fab5247449ab",
                "ipv6": "",
                "subnet_id": "subnet-001e282f6c12ff5ab"
              },
              {
                "ip": "10.0.20.5",
                "ip_id": "rni-24bbfc6037df4c69b",
                "ipv6": "",
                "subnet_id": "subnet-0209feeabc5213a59"
              }
            ],
            "name": "route53-amal",
            "protocols": [
              "Do53",
              "DoH"
            ],
            "resolver_endpoint_type": "IPV4",
            "security_group_ids": [
              "sg-082ddd4fb23f01b49 "
            ],
            "tags": {
              "Environment": "Prod"
            },
            "tags_all": {
              "Environment": "Prod"
            },
            "timeouts": null
          },
          "sensitive_attributes": [],
          "private": "eyJlMmJmYjczMC1lY2FhLTExZTYtOGY4OC0zNDM2M2JjN2M0YzAiOnsiY3JlYXRlIjo2MDAwMDAwMDAwMDAsImRlbGV0ZSI6NjAwMDAwMDAwMDAwLCJ1cGRhdGUiOjYwMDAwMDAwMDAwMH19"
        },
        {
          "index_key": "route53-002",
          "schema_version": 0,
          "attributes": {
            "arn": "arn:aws:route53resolver:us-east-1:304884398026:resolver-endpoint/rslvr-out-e2f1f5f5b2dc48209",
            "direction": "OUTBOUND",
            "host_vpc_id": "vpc-0fd2b7c96374a77cd",
            "id": "rslvr-out-e2f1f5f5b2dc48209",
            "ip_address": [
              {
                "ip": "10.0.20.22",
                "ip_id": "rni-dddbab14c20b40099",
                "ipv6": "",
                "subnet_id": "subnet-001e282f6c12ff5ab"
              },
              {
                "ip": "10.0.20.6",
                "ip_id": "rni-10ec3cde0c6640188",
                "ipv6": "",
                "subnet_id": "subnet-0209feeabc5213a59"
              }
            ],
            "name": "route53-amal-out",
            "protocols": [
              "Do53",
              "DoH"
            ],
            "resolver_endpoint_type": "IPV4",
            "security_group_ids": [
              "sg-082ddd4fb23f01b49 "
            ],
            "tags": {
              "Environment": "Prod"
            },
            "tags_all": {
              "Environment": "Prod"
            },
            "timeouts": null
          },
          "sensitive_attributes": [],
          "private": "eyJlMmJmYjczMC1lY2FhLTExZTYtOGY4OC0zNDM2M2JjN2M0YzAiOnsiY3JlYXRlIjo2MDAwMDAwMDAwMDAsImRlbGV0ZSI6NjAwMDAwMDAwMDAwLCJ1cGRhdGUiOjYwMDAwMDAwMDAwMH19"
        }
      ]
    }
  ],
  "check_results": null
}
